{
  "name": "hyper-sick",
  "version": "0.0.1",
  "lockfileVersion": 1,
  "requires": true,
  "dependencies": {
    "sick-colors": {
      "version": "1.0.3",
      "resolved": "https://registry.npmjs.org/sick-colors/-/sick-colors-1.0.3.tgz",
      "integrity": "sha512-vN+yDmGup6DVw/tDhcz36mYDivejQB6X4zZrmLFgW0SU3zAONEZTYhV52eguHRsiIAH4ekKwFD69fZmxKmgsEg=="
    }
  }
}
