{
  "name": "hyper-sick",
  "version": "4.0.1",
  "lockfileVersion": 1,
  "requires": true,
  "dependencies": {
    "sick-colors": {
      "version": "3.0.2",
      "resolved": "https://registry.npmjs.org/sick-colors/-/sick-colors-3.0.2.tgz",
      "integrity": "sha512-tCv24UOsSEF0sPebqpN9e8o/HZLLM19sm0EZ9zva16QGrvlZu4qXaBqeBF0U2c64B+0UTZ8xkj3FmEW5OK2JwQ=="
    }
  }
}
